
Microsoft Visual Studio Solution File, Format Version 12.00
# Visual Studio 15
VisualStudioVersion = 15.0.27703.2035
MinimumVisualStudioVersion = 10.0.40219.1
Project("{FAE04EC0-301F-11D3-BF4B-00C04F79EFBC}") = "mars_onboarding", "mars_onboarding\mars_onboarding.csproj", "{8A2781A8-96A9-42EA-85D6-AC543287FB27}"
EndProject
Global
	GlobalSection(SolutionConfigurationPlatforms) = preSolution
		Debug|Any CPU = Debug|Any CPU
		Release|Any CPU = Release|Any CPU
	EndGlobalSection
	GlobalSection(ProjectConfigurationPlatforms) = postSolution
		{8A2781A8-96A9-42EA-85D6-AC543287FB27}.Debug|Any CPU.ActiveCfg = Debug|Any CPU
		{8A2781A8-96A9-42EA-85D6-AC543287FB27}.Debug|Any CPU.Build.0 = Debug|Any CPU
		{8A2781A8-96A9-42EA-85D6-AC543287FB27}.Release|Any CPU.ActiveCfg = Release|Any CPU
		{8A2781A8-96A9-42EA-85D6-AC543287FB27}.Release|Any CPU.Build.0 = Release|Any CPU
	EndGlobalSection
	GlobalSection(SolutionProperties) = preSolution
		HideSolutionNode = FALSE
	EndGlobalSection
	GlobalSection(ExtensibilityGlobals) = postSolution
		SolutionGuid = {D094B7CB-B378-4F3F-9337-28C126E13209}
	EndGlobalSection
EndGlobal
